
Microsoft Visual Studio Solution File, Format Version 12.00
# Visual Studio Version 17
VisualStudioVersion = 17.0.32002.185
MinimumVisualStudioVersion = 10.0.40219.1
Project("{FAE04EC0-301F-11D3-BF4B-00C04F79EFBC}") = "XeynergyUser.API", "XeynergyUser.API.csproj", "{A10D73B7-75FF-4144-A9E4-085FED9D484F}"
EndProject
Global
	GlobalSection(SolutionConfigurationPlatforms) = preSolution
		Debug|Any CPU = Debug|Any CPU
		Release|Any CPU = Release|Any CPU
	EndGlobalSection
	GlobalSection(ProjectConfigurationPlatforms) = postSolution
		{A10D73B7-75FF-4144-A9E4-085FED9D484F}.Debug|Any CPU.ActiveCfg = Debug|Any CPU
		{A10D73B7-75FF-4144-A9E4-085FED9D484F}.Debug|Any CPU.Build.0 = Debug|Any CPU
		{A10D73B7-75FF-4144-A9E4-085FED9D484F}.Release|Any CPU.ActiveCfg = Release|Any CPU
		{A10D73B7-75FF-4144-A9E4-085FED9D484F}.Release|Any CPU.Build.0 = Release|Any CPU
	EndGlobalSection
	GlobalSection(SolutionProperties) = preSolution
		HideSolutionNode = FALSE
	EndGlobalSection
	GlobalSection(ExtensibilityGlobals) = postSolution
		SolutionGuid = {73E4FC2B-2BE9-4E6D-A15D-AFA4EE849DBA}
	EndGlobalSection
EndGlobal
